
Microsoft Visual Studio Solution File, Format Version 12.00
# Visual Studio Version 17
VisualStudioVersion = 17.13.35931.197
MinimumVisualStudioVersion = 10.0.40219.1
Project("{FAE04EC0-301F-11D3-BF4B-00C04F79EFBC}") = "WebClient", "WebClient\WebClient.csproj", "{FF2795D8-E5EB-4750-9332-271FE266C5D0}"
EndProject
Global
	GlobalSection(SolutionConfigurationPlatforms) = preSolution
		Debug|Any CPU = Debug|Any CPU
		Release|Any CPU = Release|Any CPU
	EndGlobalSection
	GlobalSection(ProjectConfigurationPlatforms) = postSolution
		{FF2795D8-E5EB-4750-9332-271FE266C5D0}.Debug|Any CPU.ActiveCfg = Debug|Any CPU
		{FF2795D8-E5EB-4750-9332-271FE266C5D0}.Debug|Any CPU.Build.0 = Debug|Any CPU
		{FF2795D8-E5EB-4750-9332-271FE266C5D0}.Release|Any CPU.ActiveCfg = Release|Any CPU
		{FF2795D8-E5EB-4750-9332-271FE266C5D0}.Release|Any CPU.Build.0 = Release|Any CPU
	EndGlobalSection
	GlobalSection(SolutionProperties) = preSolution
		HideSolutionNode = FALSE
	EndGlobalSection
	GlobalSection(ExtensibilityGlobals) = postSolution
		SolutionGuid = {225FECB5-ED6B-4ACB-B533-12B5CBC2AF42}
	EndGlobalSection
EndGlobal
